{
  "requires": true,
  "lockfileVersion": 1,
  "dependencies": {
    "lucide-react": {
      "version": "0.545.0",
      "resolved": "https://registry.npmjs.org/lucide-react/-/lucide-react-0.545.0.tgz",
      "integrity": "sha512-7r1/yUuflQDSt4f1bpn5ZAocyIxcTyVyBBChSVtBKn5M+392cPmI5YJMWOJKk/HUWGm5wg83chlAZtCcGbEZtw=="
    }
  }
}
